
Microsoft Visual Studio Solution File, Format Version 12.00
# Visual Studio Version 18
VisualStudioVersion = 18.1.11312.151
MinimumVisualStudioVersion = 10.0.40219.1
Project("{FAE04EC0-301F-11D3-BF4B-00C04F79EFBC}") = "VelocisLauncher", "VelocisLauncher.csproj", "{277FC707-33B7-FA57-B6D1-6F61D356CBC6}"
EndProject
Project("{FAE04EC0-301F-11D3-BF4B-00C04F79EFBC}") = "FilesUpdaterLib", "..\files-updater\FilesUpdaterLib\FilesUpdaterLib.csproj", "{E85BF415-E91D-5346-7C4F-5927BEC26104}"
EndProject
Global
	GlobalSection(SolutionConfigurationPlatforms) = preSolution
		Debug|Any CPU = Debug|Any CPU
		Release|Any CPU = Release|Any CPU
	EndGlobalSection
	GlobalSection(ProjectConfigurationPlatforms) = postSolution
		{277FC707-33B7-FA57-B6D1-6F61D356CBC6}.Debug|Any CPU.ActiveCfg = Debug|Any CPU
		{277FC707-33B7-FA57-B6D1-6F61D356CBC6}.Debug|Any CPU.Build.0 = Debug|Any CPU
		{277FC707-33B7-FA57-B6D1-6F61D356CBC6}.Release|Any CPU.ActiveCfg = Release|Any CPU
		{277FC707-33B7-FA57-B6D1-6F61D356CBC6}.Release|Any CPU.Build.0 = Release|Any CPU
		{E85BF415-E91D-5346-7C4F-5927BEC26104}.Debug|Any CPU.ActiveCfg = Debug|Any CPU
		{E85BF415-E91D-5346-7C4F-5927BEC26104}.Debug|Any CPU.Build.0 = Debug|Any CPU
		{E85BF415-E91D-5346-7C4F-5927BEC26104}.Release|Any CPU.ActiveCfg = Release|Any CPU
		{E85BF415-E91D-5346-7C4F-5927BEC26104}.Release|Any CPU.Build.0 = Release|Any CPU
	EndGlobalSection
	GlobalSection(SolutionProperties) = preSolution
		HideSolutionNode = FALSE
	EndGlobalSection
	GlobalSection(ExtensibilityGlobals) = postSolution
		SolutionGuid = {92543063-9B35-4958-A76F-0963081E8A5A}
	EndGlobalSection
EndGlobal
